
Microsoft Visual Studio Solution File, Format Version 12.00
# Visual Studio Version 17
VisualStudioVersion = 17.14.36518.9 d17.14
MinimumVisualStudioVersion = 10.0.40219.1
Project("{FAE04EC0-301F-11D3-BF4B-00C04F79EFBC}") = "Codezerg.SqliteStorage", "src\Codezerg.SqliteStorage\Codezerg.SqliteStorage.csproj", "{BA895E2C-6616-72E5-6A9B-081C5DF4D412}"
EndProject
Global
	GlobalSection(SolutionConfigurationPlatforms) = preSolution
		Debug|Any CPU = Debug|Any CPU
		Release|Any CPU = Release|Any CPU
	EndGlobalSection
	GlobalSection(ProjectConfigurationPlatforms) = postSolution
		{BA895E2C-6616-72E5-6A9B-081C5DF4D412}.Debug|Any CPU.ActiveCfg = Debug|Any CPU
		{BA895E2C-6616-72E5-6A9B-081C5DF4D412}.Debug|Any CPU.Build.0 = Debug|Any CPU
		{BA895E2C-6616-72E5-6A9B-081C5DF4D412}.Release|Any CPU.ActiveCfg = Release|Any CPU
		{BA895E2C-6616-72E5-6A9B-081C5DF4D412}.Release|Any CPU.Build.0 = Release|Any CPU
	EndGlobalSection
	GlobalSection(SolutionProperties) = preSolution
		HideSolutionNode = FALSE
	EndGlobalSection
	GlobalSection(ExtensibilityGlobals) = postSolution
		SolutionGuid = {9DD88362-A6A4-4FC1-9292-16CCC951AD7C}
	EndGlobalSection
EndGlobal
